<?xml version="1.0" encoding="utf-8"?>
<Project ToolsVersion="4.0" xmlns="http://schemas.microsoft.com/developer/msbuild/2003">
  <ItemGroup>
    <Filter Include="소스 파일">
      <UniqueIdentifier>{4FC737F1-C7A5-4376-A066-2A32D752A2FF}</UniqueIdentifier>
      <Extensions>cpp;c;cc;cxx;c++;cppm;ixx;def;odl;idl;hpj;bat;asm;asmx</Extensions>
    </Filter>
    <Filter Include="헤더 파일">
      <UniqueIdentifier>{93995380-89BD-4b04-88EB-625FBE52EBFB}</UniqueIdentifier>
      <Extensions>h;hh;hpp;hxx;h++;hm;inl;inc;ipp;xsd</Extensions>
    </Filter>
    <Filter Include="리소스 파일">
      <UniqueIdentifier>{67DA6AB6-F800-4c08-8B7A-83BB121AAD01}</UniqueIdentifier>
      <Extensions>rc;ico;cur;bmp;dlg;rc2;rct;bin;rgs;gif;jpg;jpeg;jpe;resx;tiff;tif;png;wav;mfcribbon-ms</Extensions>
    </Filter>
    <Filter Include="소스 파일\중간고사 연습">
      <UniqueIdentifier>{5ee0f506-f4e4-4441-b461-ea2076ba5ed9}</UniqueIdentifier>
    </Filter>
    <Filter Include="소스 파일\중간고사">
      <UniqueIdentifier>{ef205ba4-5d70-465f-829a-d026a7a456c3}</UniqueIdentifier>
    </Filter>
    <Filter Include="소스 파일\기말고사연습">
      <UniqueIdentifier>{c0e105ff-416f-4228-88a3-723c080d1747}</UniqueIdentifier>
    </Filter>
    <Filter Include="소스 파일\기말고사">
      <UniqueIdentifier>{23505d04-d780-4e8f-a90f-6b45a9cb0933}</UniqueIdentifier>
    </Filter>
    <Filter Include="소스 파일\1주차%280306%29 - C언어 복습">
      <UniqueIdentifier>{3b0f3185-f1f4-49c2-ac20-68b5232791b4}</UniqueIdentifier>
    </Filter>
    <Filter Include="소스 파일\2주차%280313%29 - 분석">
      <UniqueIdentifier>{dfae1e79-a695-471c-877a-a82c1e5d61c4}</UniqueIdentifier>
    </Filter>
    <Filter Include="소스 파일\3주차%280320%29 - 재귀">
      <UniqueIdentifier>{cfc748be-378a-43e0-98b4-3b2ec1558a62}</UniqueIdentifier>
    </Filter>
    <Filter Include="소스 파일\과제">
      <UniqueIdentifier>{78733a6a-f65c-4bb4-95f7-888d4ef31a80}</UniqueIdentifier>
    </Filter>
    <Filter Include="소스 파일\4주차%280327%29 - 배열">
      <UniqueIdentifier>{29ba5789-e636-4b94-8b36-6d10118a135e}</UniqueIdentifier>
    </Filter>
    <Filter Include="소스 파일\05주차%280403%29 - 배열문제">
      <UniqueIdentifier>{43ced4c5-b23e-417d-8945-217fb6d208c6}</UniqueIdentifier>
    </Filter>
    <Filter Include="소스 파일\06주차%280410%29 - 연결리스트">
      <UniqueIdentifier>{ee3f88c2-de23-4347-9d5e-44c6e0379b9e}</UniqueIdentifier>
    </Filter>
    <Filter Include="소스 파일\07주차%280417%29 - 집합">
      <UniqueIdentifier>{ffad2f40-89bb-4ec2-8486-794b2a4d62a8}</UniqueIdentifier>
    </Filter>
    <Filter Include="소스 파일\09주차%280501%29 - 스택">
      <UniqueIdentifier>{6d9ad1f5-550a-4fc2-90ef-07d660fa0b7b}</UniqueIdentifier>
    </Filter>
    <Filter Include="소스 파일\10주차%280508%29 - 스택2">
      <UniqueIdentifier>{16cbbb09-658d-475f-b164-b3cc1e38b007}</UniqueIdentifier>
    </Filter>
    <Filter Include="소스 파일\11주차%280515%29 - 큐">
      <UniqueIdentifier>{84455706-ea49-4ea4-a564-8df527ae149c}</UniqueIdentifier>
    </Filter>
    <Filter Include="소스 파일\12주차%280522%29 - 트리">
      <UniqueIdentifier>{f66084b4-4c8e-462f-b81c-b1edf8c29e95}</UniqueIdentifier>
    </Filter>
    <Filter Include="소스 파일\13주차%280529%29 - 트리2">
      <UniqueIdentifier>{72ef82e4-55ba-4257-8134-ef4ca5ab5232}</UniqueIdentifier>
    </Filter>
    <Filter Include="소스 파일\14주차%280605%29 - 트리3">
      <UniqueIdentifier>{f655c920-5980-4de4-8d32-e4a67db43eb8}</UniqueIdentifier>
    </Filter>
  </ItemGroup>
  <ItemGroup>
    <ClCompile Include="01주차%280306%29-문제1.cpp">
      <Filter>소스 파일\1주차%280306%29 - C언어 복습</Filter>
    </ClCompile>
    <ClCompile Include="01주차%280306%29-문제2.cpp">
      <Filter>소스 파일\1주차%280306%29 - C언어 복습</Filter>
    </ClCompile>
    <ClCompile Include="01주차%280306%29-문제3.cpp">
      <Filter>소스 파일\1주차%280306%29 - C언어 복습</Filter>
    </ClCompile>
    <ClCompile Include="01주차%280306%29-문제4.cpp">
      <Filter>소스 파일\1주차%280306%29 - C언어 복습</Filter>
    </ClCompile>
    <ClCompile Include="01주차%280306%29-문제5.cpp">
      <Filter>소스 파일\1주차%280306%29 - C언어 복습</Filter>
    </ClCompile>
    <ClCompile Include="01주차%280306%29-문제6.cpp">
      <Filter>소스 파일\1주차%280306%29 - C언어 복습</Filter>
    </ClCompile>
    <ClCompile Include="01주차%280306%29-문제7.cpp">
      <Filter>소스 파일\1주차%280306%29 - C언어 복습</Filter>
    </ClCompile>
    <ClCompile Include="01주차%280306%29-문제8.cpp">
      <Filter>소스 파일\1주차%280306%29 - C언어 복습</Filter>
    </ClCompile>
    <ClCompile Include="02주차%280313%29-문제1.cpp">
      <Filter>소스 파일\2주차%280313%29 - 분석</Filter>
    </ClCompile>
    <ClCompile Include="02주차%280313%29-문제2.cpp">
      <Filter>소스 파일\2주차%280313%29 - 분석</Filter>
    </ClCompile>
    <ClCompile Include="02주차%280313%29-문제3.cpp">
      <Filter>소스 파일\2주차%280313%29 - 분석</Filter>
    </ClCompile>
    <ClCompile Include="02주차%280313%29-문제3-2.cpp">
      <Filter>소스 파일\2주차%280313%29 - 분석</Filter>
    </ClCompile>
    <ClCompile Include="03주차%280320%29-문제1.cpp">
      <Filter>소스 파일\3주차%280320%29 - 재귀</Filter>
    </ClCompile>
    <ClCompile Include="03주차%280320%29-문제2.cpp">
      <Filter>소스 파일\3주차%280320%29 - 재귀</Filter>
    </ClCompile>
    <ClCompile Include="03주차%280320%29-문제3.cpp">
      <Filter>소스 파일\3주차%280320%29 - 재귀</Filter>
    </ClCompile>
    <ClCompile Include="03주차%280320%29-문제4.cpp">
      <Filter>소스 파일\3주차%280320%29 - 재귀</Filter>
    </ClCompile>
    <ClCompile Include="03주차%280320%29-문제5.cpp">
      <Filter>소스 파일\3주차%280320%29 - 재귀</Filter>
    </ClCompile>
    <ClCompile Include="03주차%280320%29-문제6.cpp">
      <Filter>소스 파일\3주차%280320%29 - 재귀</Filter>
    </ClCompile>
    <ClCompile Include="03주차%280320%29-문제7.cpp">
      <Filter>소스 파일\3주차%280320%29 - 재귀</Filter>
    </ClCompile>
    <ClCompile Include="0327-문제1.cpp">
      <Filter>소스 파일\4주차%280327%29 - 배열</Filter>
    </ClCompile>
    <ClCompile Include="0327-문제2.cpp">
      <Filter>소스 파일\4주차%280327%29 - 배열</Filter>
    </ClCompile>
    <ClCompile Include="0327-문제3.cpp">
      <Filter>소스 파일\4주차%280327%29 - 배열</Filter>
    </ClCompile>
    <ClCompile Include="0327-문제4.cpp">
      <Filter>소스 파일\4주차%280327%29 - 배열</Filter>
    </ClCompile>
    <ClCompile Include="0327-문제5.cpp">
      <Filter>소스 파일\4주차%280327%29 - 배열</Filter>
    </ClCompile>
    <ClCompile Include="과제2-다항식.cpp">
      <Filter>소스 파일\4주차%280327%29 - 배열</Filter>
    </ClCompile>
    <ClCompile Include="05주차%280403%29-문제1.cpp">
      <Filter>소스 파일\05주차%280403%29 - 배열문제</Filter>
    </ClCompile>
    <ClCompile Include="05주차%280403%29-문제2.cpp">
      <Filter>소스 파일\05주차%280403%29 - 배열문제</Filter>
    </ClCompile>
    <ClCompile Include="06주차%280410%29-문제1.cpp">
      <Filter>소스 파일\06주차%280410%29 - 연결리스트</Filter>
    </ClCompile>
    <ClCompile Include="06주차%280410%29-문제2.cpp">
      <Filter>소스 파일\06주차%280410%29 - 연결리스트</Filter>
    </ClCompile>
    <ClCompile Include="07주차%280417%29-문제1.cpp">
      <Filter>소스 파일\07주차%280417%29 - 집합</Filter>
    </ClCompile>
    <ClCompile Include="07주차%280417%29-문제2.cpp">
      <Filter>소스 파일\07주차%280417%29 - 집합</Filter>
    </ClCompile>
    <ClCompile Include="중간고사연습-이중연결리스트.cpp">
      <Filter>소스 파일\중간고사 연습</Filter>
    </ClCompile>
    <ClCompile Include="중간고사연습-테스트.cpp">
      <Filter>소스 파일\중간고사 연습</Filter>
    </ClCompile>
    <ClCompile Include="소스.cpp">
      <Filter>소스 파일\중간고사 연습</Filter>
    </ClCompile>
    <ClCompile Include="0426-문제1.cpp">
      <Filter>소스 파일\중간고사</Filter>
    </ClCompile>
    <ClCompile Include="0426-문제2.cpp">
      <Filter>소스 파일\중간고사</Filter>
    </ClCompile>
    <ClCompile Include="0426-문제3.cpp">
      <Filter>소스 파일\중간고사</Filter>
    </ClCompile>
    <ClCompile Include="09주차%280501%29-문제1.cpp">
      <Filter>소스 파일\09주차%280501%29 - 스택</Filter>
    </ClCompile>
    <ClCompile Include="09주차%280501%29-문제2.cpp">
      <Filter>소스 파일\09주차%280501%29 - 스택</Filter>
    </ClCompile>
    <ClCompile Include="10주차%280508%29-문제1.cpp">
      <Filter>소스 파일\10주차%280508%29 - 스택2</Filter>
    </ClCompile>
    <ClCompile Include="09주차%280501%29-스택틀.cpp">
      <Filter>소스 파일\09주차%280501%29 - 스택</Filter>
    </ClCompile>
    <ClCompile Include="10주차%280508%29-문제2.cpp">
      <Filter>소스 파일\10주차%280508%29 - 스택2</Filter>
    </ClCompile>
    <ClCompile Include="11주차%280515%29-문제1.cpp">
      <Filter>소스 파일\11주차%280515%29 - 큐</Filter>
    </ClCompile>
    <ClCompile Include="11주차%280515%29-문제2.cpp">
      <Filter>소스 파일\11주차%280515%29 - 큐</Filter>
    </ClCompile>
    <ClCompile Include="12주차%280522%29-문제1.cpp">
      <Filter>소스 파일\12주차%280522%29 - 트리</Filter>
    </ClCompile>
    <ClCompile Include="13주차%280529%29-문제1.cpp">
      <Filter>소스 파일\13주차%280529%29 - 트리2</Filter>
    </ClCompile>
    <ClCompile Include="13주차%280529%29-문제2.cpp">
      <Filter>소스 파일\13주차%280529%29 - 트리2</Filter>
    </ClCompile>
    <ClCompile Include="14주차%280605%29-문제1.cpp">
      <Filter>소스 파일\14주차%280605%29 - 트리3</Filter>
    </ClCompile>
    <ClCompile Include="작년1번.cpp">
      <Filter>소스 파일\기말고사연습</Filter>
    </ClCompile>
    <ClCompile Include="작년3번.cpp">
      <Filter>소스 파일\기말고사연습</Filter>
    </ClCompile>
    <ClCompile Include="자손노드3개잡담방.cpp">
      <Filter>소스 파일\기말고사연습</Filter>
    </ClCompile>
    <ClCompile Include="자손노드의개수사진3.cpp">
      <Filter>소스 파일\기말고사연습</Filter>
    </ClCompile>
    <ClCompile Include="전위순회결과를 후위순회로출력EOF.cpp">
      <Filter>소스 파일\기말고사연습</Filter>
    </ClCompile>
    <ClCompile Include="제곱,제곱근함수.cpp">
      <Filter>소스 파일\기말고사연습</Filter>
    </ClCompile>
    <ClCompile Include="큐에삭제구현.cpp">
      <Filter>소스 파일\기말고사연습</Filter>
    </ClCompile>
    <ClCompile Include="팰린드롬.cpp">
      <Filter>소스 파일\기말고사연습</Filter>
    </ClCompile>
    <ClCompile Include="기말문제1.cpp">
      <Filter>소스 파일\기말고사</Filter>
    </ClCompile>
    <ClCompile Include="기말문제2.cpp">
      <Filter>소스 파일\기말고사</Filter>
    </ClCompile>
    <ClCompile Include="기말문제3.cpp">
      <Filter>소스 파일\기말고사</Filter>
    </ClCompile>
    <ClCompile Include="메모장용.cpp">
      <Filter>소스 파일\기말고사</Filter>
    </ClCompile>
    <ClCompile Include="03주차%280320%29-과제1.cpp">
      <Filter>소스 파일\과제</Filter>
    </ClCompile>
    <ClCompile Include="과제4-폴더용량계산.cpp">
      <Filter>소스 파일\과제</Filter>
    </ClCompile>
    <ClCompile Include="과제5-이진탐색트리.cpp">
      <Filter>소스 파일\과제</Filter>
    </ClCompile>
  </ItemGroup>
  <ItemGroup>
    <None Include="..\PDFS\01주차%280306%29-C언어복습.pdf">
      <Filter>소스 파일\1주차%280306%29 - C언어 복습</Filter>
    </None>
    <None Include="..\PDFS\02주차%280313%29-분석.pdf">
      <Filter>소스 파일\2주차%280313%29 - 분석</Filter>
    </None>
    <None Include="..\PDFS\03주차%280320%29-재귀.pdf">
      <Filter>소스 파일\3주차%280320%29 - 재귀</Filter>
    </None>
    <None Include="..\PDFS\0327-4주차_배열.pdf">
      <Filter>소스 파일\4주차%280327%29 - 배열</Filter>
    </None>
    <None Include="..\PDFS\05주차%280403%29-배열문제.pdf">
      <Filter>소스 파일\05주차%280403%29 - 배열문제</Filter>
    </None>
    <None Include="..\PDFS\06주차%280410%29-연결리스트.pdf">
      <Filter>소스 파일\06주차%280410%29 - 연결리스트</Filter>
    </None>
    <None Include="..\PDFS\07주차%280417%29-집합.pdf">
      <Filter>소스 파일\07주차%280417%29 - 집합</Filter>
    </None>
    <None Include="..\PDFS\09주차%280501%29-스택.pdf">
      <Filter>소스 파일\09주차%280501%29 - 스택</Filter>
    </None>
    <None Include="..\PDFS\10주차%280508%29-스택2.pdf">
      <Filter>소스 파일\10주차%280508%29 - 스택2</Filter>
    </None>
    <None Include="..\PDFS\12주차%280522%29-트리.pdf">
      <Filter>소스 파일\12주차%280522%29 - 트리</Filter>
    </None>
    <None Include="..\PDFS\11주차%280515%29-큐.pdf">
      <Filter>소스 파일\11주차%280515%29 - 큐</Filter>
    </None>
    <None Include="..\PDFS\13주차%280529%29-트리%282%29.pdf">
      <Filter>소스 파일\13주차%280529%29 - 트리2</Filter>
    </None>
    <None Include="..\PDFS\14주차%280605%29-트리%283%29.pdf">
      <Filter>소스 파일\14주차%280605%29 - 트리3</Filter>
    </None>
  </ItemGroup>
</Project>