<?xml version="1.0" encoding="utf-8"?>
<Project ToolsVersion="4.0" xmlns="http://schemas.microsoft.com/developer/msbuild/2003">
  <ItemGroup>
    <Filter Include="소스 파일">
      <UniqueIdentifier>{4FC737F1-C7A5-4376-A066-2A32D752A2FF}</UniqueIdentifier>
      <Extensions>cpp;c;cc;cxx;c++;cppm;ixx;def;odl;idl;hpj;bat;asm;asmx</Extensions>
    </Filter>
    <Filter Include="헤더 파일">
      <UniqueIdentifier>{93995380-89BD-4b04-88EB-625FBE52EBFB}</UniqueIdentifier>
      <Extensions>h;hh;hpp;hxx;h++;hm;inl;inc;ipp;xsd</Extensions>
    </Filter>
    <Filter Include="리소스 파일">
      <UniqueIdentifier>{67DA6AB6-F800-4c08-8B7A-83BB121AAD01}</UniqueIdentifier>
      <Extensions>rc;ico;cur;bmp;dlg;rc2;rct;bin;rgs;gif;jpg;jpeg;jpe;resx;tiff;tif;png;wav;mfcribbon-ms</Extensions>
    </Filter>
    <Filter Include="소스 파일\0306-C언어 복습">
      <UniqueIdentifier>{3b0f3185-f1f4-49c2-ac20-68b5232791b4}</UniqueIdentifier>
    </Filter>
    <Filter Include="소스 파일\0313-분석">
      <UniqueIdentifier>{dfae1e79-a695-471c-877a-a82c1e5d61c4}</UniqueIdentifier>
    </Filter>
    <Filter Include="소스 파일\0320-재귀">
      <UniqueIdentifier>{cfc748be-378a-43e0-98b4-3b2ec1558a62}</UniqueIdentifier>
    </Filter>
  </ItemGroup>
  <ItemGroup>
    <ClCompile Include="0306-문제1.cpp">
      <Filter>소스 파일\0306-C언어 복습</Filter>
    </ClCompile>
    <ClCompile Include="0306-문제2.cpp">
      <Filter>소스 파일\0306-C언어 복습</Filter>
    </ClCompile>
    <ClCompile Include="0306-문제3.cpp">
      <Filter>소스 파일\0306-C언어 복습</Filter>
    </ClCompile>
    <ClCompile Include="0306-문제4.cpp">
      <Filter>소스 파일\0306-C언어 복습</Filter>
    </ClCompile>
    <ClCompile Include="0306-문제5.cpp">
      <Filter>소스 파일\0306-C언어 복습</Filter>
    </ClCompile>
    <ClCompile Include="0306-문제6.cpp">
      <Filter>소스 파일\0306-C언어 복습</Filter>
    </ClCompile>
    <ClCompile Include="0306-문제7.cpp">
      <Filter>소스 파일\0306-C언어 복습</Filter>
    </ClCompile>
    <ClCompile Include="0306-문제8.cpp">
      <Filter>소스 파일\0306-C언어 복습</Filter>
    </ClCompile>
    <ClCompile Include="0313-문제1.cpp">
      <Filter>소스 파일\0313-분석</Filter>
    </ClCompile>
    <ClCompile Include="0313-문제2.cpp">
      <Filter>소스 파일\0313-분석</Filter>
    </ClCompile>
    <ClCompile Include="0313-문제3.cpp">
      <Filter>소스 파일\0313-분석</Filter>
    </ClCompile>
    <ClCompile Include="0313-문제3-2.cpp">
      <Filter>소스 파일\0313-분석</Filter>
    </ClCompile>
    <ClCompile Include="0320-문제1.cpp">
      <Filter>소스 파일\0320-재귀</Filter>
    </ClCompile>
    <ClCompile Include="0320-문제2.cpp">
      <Filter>소스 파일\0320-재귀</Filter>
    </ClCompile>
    <ClCompile Include="0320-문제3.cpp">
      <Filter>소스 파일\0320-재귀</Filter>
    </ClCompile>
    <ClCompile Include="0320-문제4.cpp">
      <Filter>소스 파일\0320-재귀</Filter>
    </ClCompile>
    <ClCompile Include="0320-문제5.cpp">
      <Filter>소스 파일\0320-재귀</Filter>
    </ClCompile>
    <ClCompile Include="0320-문제6.cpp">
      <Filter>소스 파일\0320-재귀</Filter>
    </ClCompile>
    <ClCompile Include="0320-문제7.cpp">
      <Filter>소스 파일\0320-재귀</Filter>
    </ClCompile>
    <ClCompile Include="0320-과제1.cpp">
      <Filter>소스 파일\0320-재귀</Filter>
    </ClCompile>
  </ItemGroup>
  <ItemGroup>
    <None Include="..\PDFS\0306-1주차_C복습.pdf">
      <Filter>소스 파일\0306-C언어 복습</Filter>
    </None>
    <None Include="..\PDFS\0313-2주차_분석.pdf">
      <Filter>소스 파일\0313-분석</Filter>
    </None>
    <None Include="..\PDFS\0320-3주차-재귀.pdf">
      <Filter>소스 파일\0320-재귀</Filter>
    </None>
  </ItemGroup>
</Project>